
Microsoft Visual Studio Solution File, Format Version 12.00
# Visual Studio Version 17
VisualStudioVersion = 17.7.34009.444
MinimumVisualStudioVersion = 10.0.40219.1
Project("{FAE04EC0-301F-11D3-BF4B-00C04F79EFBC}") = "BuildingMaterial", "BuildingMaterial.csproj", "{B541F0C5-8C84-4C45-BAAB-467D141F1DDC}"
EndProject
Global
	GlobalSection(SolutionConfigurationPlatforms) = preSolution
		Debug|Any CPU = Debug|Any CPU
		Release|Any CPU = Release|Any CPU
	EndGlobalSection
	GlobalSection(ProjectConfigurationPlatforms) = postSolution
		{B541F0C5-8C84-4C45-BAAB-467D141F1DDC}.Debug|Any CPU.ActiveCfg = Debug|Any CPU
		{B541F0C5-8C84-4C45-BAAB-467D141F1DDC}.Debug|Any CPU.Build.0 = Debug|Any CPU
		{B541F0C5-8C84-4C45-BAAB-467D141F1DDC}.Release|Any CPU.ActiveCfg = Release|Any CPU
		{B541F0C5-8C84-4C45-BAAB-467D141F1DDC}.Release|Any CPU.Build.0 = Release|Any CPU
	EndGlobalSection
	GlobalSection(SolutionProperties) = preSolution
		HideSolutionNode = FALSE
	EndGlobalSection
	GlobalSection(ExtensibilityGlobals) = postSolution
		SolutionGuid = {32CD4A30-F1A6-4841-9B52-A7DE6AF76B09}
	EndGlobalSection
EndGlobal
